
Microsoft Visual Studio Solution File, Format Version 12.00
# Visual Studio Version 17
VisualStudioVersion = 17.4.33213.308
MinimumVisualStudioVersion = 10.0.40219.1
Project("{FAE04EC0-301F-11D3-BF4B-00C04F79EFBC}") = "FactoryPattern_1262774", "FactoryPattern_1262774\FactoryPattern_1262774.csproj", "{36861B36-616C-4AC2-8E9F-74CB110651FE}"
EndProject
Global
	GlobalSection(SolutionConfigurationPlatforms) = preSolution
		Debug|Any CPU = Debug|Any CPU
		Release|Any CPU = Release|Any CPU
	EndGlobalSection
	GlobalSection(ProjectConfigurationPlatforms) = postSolution
		{36861B36-616C-4AC2-8E9F-74CB110651FE}.Debug|Any CPU.ActiveCfg = Debug|Any CPU
		{36861B36-616C-4AC2-8E9F-74CB110651FE}.Debug|Any CPU.Build.0 = Debug|Any CPU
		{36861B36-616C-4AC2-8E9F-74CB110651FE}.Release|Any CPU.ActiveCfg = Release|Any CPU
		{36861B36-616C-4AC2-8E9F-74CB110651FE}.Release|Any CPU.Build.0 = Release|Any CPU
	EndGlobalSection
	GlobalSection(SolutionProperties) = preSolution
		HideSolutionNode = FALSE
	EndGlobalSection
	GlobalSection(ExtensibilityGlobals) = postSolution
		SolutionGuid = {6B463CA9-8EBC-4D06-B4B3-68E528A69352}
	EndGlobalSection
EndGlobal
